
Microsoft Visual Studio Solution File, Format Version 12.00
# Visual Studio 15
VisualStudioVersion = 15.0.26228.9
MinimumVisualStudioVersion = 10.0.40219.1
Project("{FAE04EC0-301F-11D3-BF4B-00C04F79EFBC}") = "WCFGameShopWarehouseService", "WCFGameShopWarehouseService\WCFGameShopWarehouseService.csproj", "{5F5A0EE6-A5EE-407F-9C21-0537C562E321}"
EndProject
Project("{FAE04EC0-301F-11D3-BF4B-00C04F79EFBC}") = "EFGameShopDatabase", "EFGameShopDatabase\EFGameShopDatabase.csproj", "{2DD3CC75-75B4-4384-AABA-2AEFC7022AE3}"
EndProject
Project("{FAE04EC0-301F-11D3-BF4B-00C04F79EFBC}") = "WCFGameShopWarehouseServiceTest", "UnitTestProject1\WCFGameShopWarehouseServiceTest.csproj", "{BC5AE5FE-7BF8-408E-9799-563E5FA415C7}"
EndProject
Project("{FAE04EC0-301F-11D3-BF4B-00C04F79EFBC}") = "Klient", "Klient\Klient.csproj", "{8F2A5E52-2EF7-41A3-87A9-0AD73BC8E53B}"
EndProject
Project("{FAE04EC0-301F-11D3-BF4B-00C04F79EFBC}") = "GameShopWebAPI", "GameShopWebAPI\GameShopWebAPI.csproj", "{A89BD5C6-5C14-43C3-AD57-504FF3C213E6}"
EndProject
Global
	GlobalSection(SolutionConfigurationPlatforms) = preSolution
		Debug|Any CPU = Debug|Any CPU
		Release|Any CPU = Release|Any CPU
	EndGlobalSection
	GlobalSection(ProjectConfigurationPlatforms) = postSolution
		{5F5A0EE6-A5EE-407F-9C21-0537C562E321}.Debug|Any CPU.ActiveCfg = Debug|Any CPU
		{5F5A0EE6-A5EE-407F-9C21-0537C562E321}.Debug|Any CPU.Build.0 = Debug|Any CPU
		{5F5A0EE6-A5EE-407F-9C21-0537C562E321}.Release|Any CPU.ActiveCfg = Release|Any CPU
		{5F5A0EE6-A5EE-407F-9C21-0537C562E321}.Release|Any CPU.Build.0 = Release|Any CPU
		{2DD3CC75-75B4-4384-AABA-2AEFC7022AE3}.Debug|Any CPU.ActiveCfg = Debug|Any CPU
		{2DD3CC75-75B4-4384-AABA-2AEFC7022AE3}.Debug|Any CPU.Build.0 = Debug|Any CPU
		{2DD3CC75-75B4-4384-AABA-2AEFC7022AE3}.Release|Any CPU.ActiveCfg = Release|Any CPU
		{2DD3CC75-75B4-4384-AABA-2AEFC7022AE3}.Release|Any CPU.Build.0 = Release|Any CPU
		{BC5AE5FE-7BF8-408E-9799-563E5FA415C7}.Debug|Any CPU.ActiveCfg = Debug|Any CPU
		{BC5AE5FE-7BF8-408E-9799-563E5FA415C7}.Debug|Any CPU.Build.0 = Debug|Any CPU
		{BC5AE5FE-7BF8-408E-9799-563E5FA415C7}.Release|Any CPU.ActiveCfg = Release|Any CPU
		{BC5AE5FE-7BF8-408E-9799-563E5FA415C7}.Release|Any CPU.Build.0 = Release|Any CPU
		{8F2A5E52-2EF7-41A3-87A9-0AD73BC8E53B}.Debug|Any CPU.ActiveCfg = Debug|Any CPU
		{8F2A5E52-2EF7-41A3-87A9-0AD73BC8E53B}.Debug|Any CPU.Build.0 = Debug|Any CPU
		{8F2A5E52-2EF7-41A3-87A9-0AD73BC8E53B}.Release|Any CPU.ActiveCfg = Release|Any CPU
		{8F2A5E52-2EF7-41A3-87A9-0AD73BC8E53B}.Release|Any CPU.Build.0 = Release|Any CPU
		{A89BD5C6-5C14-43C3-AD57-504FF3C213E6}.Debug|Any CPU.ActiveCfg = Debug|Any CPU
		{A89BD5C6-5C14-43C3-AD57-504FF3C213E6}.Debug|Any CPU.Build.0 = Debug|Any CPU
		{A89BD5C6-5C14-43C3-AD57-504FF3C213E6}.Release|Any CPU.ActiveCfg = Release|Any CPU
		{A89BD5C6-5C14-43C3-AD57-504FF3C213E6}.Release|Any CPU.Build.0 = Release|Any CPU
	EndGlobalSection
	GlobalSection(SolutionProperties) = preSolution
		HideSolutionNode = FALSE
	EndGlobalSection
EndGlobal
